
Microsoft Visual Studio Solution File, Format Version 12.00
# Visual Studio 15
VisualStudioVersion = 15.0.27004.2005
MinimumVisualStudioVersion = 10.0.40219.1
Project("{9A19103F-16F7-4668-BE54-9A1E7A4F7556}") = "RSC", "RSC\RSC.csproj", "{8729526D-7118-4883-8C48-EF866FE9955D}"
EndProject
Global
	GlobalSection(SolutionConfigurationPlatforms) = preSolution
		Debug|Any CPU = Debug|Any CPU
		Release|Any CPU = Release|Any CPU
	EndGlobalSection
	GlobalSection(ProjectConfigurationPlatforms) = postSolution
		{8729526D-7118-4883-8C48-EF866FE9955D}.Debug|Any CPU.ActiveCfg = Debug|Any CPU
		{8729526D-7118-4883-8C48-EF866FE9955D}.Debug|Any CPU.Build.0 = Debug|Any CPU
		{8729526D-7118-4883-8C48-EF866FE9955D}.Release|Any CPU.ActiveCfg = Release|Any CPU
		{8729526D-7118-4883-8C48-EF866FE9955D}.Release|Any CPU.Build.0 = Release|Any CPU
	EndGlobalSection
	GlobalSection(SolutionProperties) = preSolution
		HideSolutionNode = FALSE
	EndGlobalSection
	GlobalSection(ExtensibilityGlobals) = postSolution
		SolutionGuid = {8C75082C-EB72-4A5A-9CDB-9DDAD20C420D}
	EndGlobalSection
EndGlobal
